
Microsoft Visual Studio Solution File, Format Version 12.00
# Visual Studio Version 16
VisualStudioVersion = 16.0.30523.141
MinimumVisualStudioVersion = 10.0.40219.1
Project("{FAE04EC0-301F-11D3-BF4B-00C04F79EFBC}") = "CUFinalizarPreparacionPedido", "CUFinalizarPreparacionPedido\CUFinalizarPreparacionPedido.csproj", "{89D81293-902E-4AFA-8843-BDF794FAADAA}"
EndProject
Global
	GlobalSection(SolutionConfigurationPlatforms) = preSolution
		Debug|Any CPU = Debug|Any CPU
		Release|Any CPU = Release|Any CPU
	EndGlobalSection
	GlobalSection(ProjectConfigurationPlatforms) = postSolution
		{89D81293-902E-4AFA-8843-BDF794FAADAA}.Debug|Any CPU.ActiveCfg = Debug|Any CPU
		{89D81293-902E-4AFA-8843-BDF794FAADAA}.Debug|Any CPU.Build.0 = Debug|Any CPU
		{89D81293-902E-4AFA-8843-BDF794FAADAA}.Release|Any CPU.ActiveCfg = Release|Any CPU
		{89D81293-902E-4AFA-8843-BDF794FAADAA}.Release|Any CPU.Build.0 = Release|Any CPU
	EndGlobalSection
	GlobalSection(SolutionProperties) = preSolution
		HideSolutionNode = FALSE
	EndGlobalSection
	GlobalSection(ExtensibilityGlobals) = postSolution
		SolutionGuid = {48B87E5D-4FF4-4057-8760-F31FA692B58D}
	EndGlobalSection
EndGlobal
